<?xml version="1.0" encoding="utf-8"?>
<Project ToolsVersion="4.0" xmlns="http://schemas.microsoft.com/developer/msbuild/2003">
  <ItemGroup>
    <Filter Include="源文件">
      <UniqueIdentifier>{4FC737F1-C7A5-4376-A066-2A32D752A2FF}</UniqueIdentifier>
      <Extensions>cpp;c;cc;cxx;def;odl;idl;hpj;bat;asm;asmx</Extensions>
    </Filter>
    <Filter Include="源文件\Utils">
      <UniqueIdentifier>{e0825579-269c-485b-9838-07529f7ae8d2}</UniqueIdentifier>
    </Filter>
    <Filter Include="源文件\Math">
      <UniqueIdentifier>{d377ce56-aecd-4a39-8a65-7e97aacb6131}</UniqueIdentifier>
    </Filter>
    <Filter Include="源文件\Config">
      <UniqueIdentifier>{3aa7f0e3-b613-4bc8-9f6e-3c2d5feb6f45}</UniqueIdentifier>
    </Filter>
    <Filter Include="源文件\Globalization">
      <UniqueIdentifier>{a9b2a397-d2ff-4370-814b-11554e85ffa7}</UniqueIdentifier>
    </Filter>
    <Filter Include="源文件\Audio">
      <UniqueIdentifier>{fe96b9b0-2168-488b-8cf1-39434f44fbca}</UniqueIdentifier>
    </Filter>
    <Filter Include="源文件\Module">
      <UniqueIdentifier>{815fb45b-ac98-4054-928c-fc3c96cf7f4a}</UniqueIdentifier>
    </Filter>
    <Filter Include="ThirdParty">
      <UniqueIdentifier>{eb6a6d68-48ae-422e-9de8-757c940c4df5}</UniqueIdentifier>
    </Filter>
    <Filter Include="ThirdParty\OpenAL">
      <UniqueIdentifier>{11ab6f74-daad-4e81-aa69-fe92b7f1a262}</UniqueIdentifier>
    </Filter>
    <Filter Include="ThirdParty\Decoder">
      <UniqueIdentifier>{3dab55b6-3f08-4b2f-9917-d1c1a3d520b7}</UniqueIdentifier>
    </Filter>
    <Filter Include="源文件\Std">
      <UniqueIdentifier>{410b9128-eeca-403c-b628-5f54bbbc985f}</UniqueIdentifier>
    </Filter>
  </ItemGroup>
  <ItemGroup>
    <ClInclude Include="source\Config\Config.hpp">
      <Filter>源文件\Config</Filter>
    </ClInclude>
    <ClInclude Include="source\Config\ConfigCompilerSlang.hpp">
      <Filter>源文件\Config</Filter>
    </ClInclude>
    <ClInclude Include="source\Config\ConfigPlatform.hpp">
      <Filter>源文件\Config</Filter>
    </ClInclude>
    <ClInclude Include="source\Utils\Concept.h">
      <Filter>源文件\Utils</Filter>
    </ClInclude>
    <ClInclude Include="source\Utils\Dylib.h">
      <Filter>源文件\Utils</Filter>
    </ClInclude>
    <ClInclude Include="source\Math\Matrix.h">
      <Filter>源文件\Math</Filter>
    </ClInclude>
    <ClInclude Include="source\Math\Vector.h">
      <Filter>源文件\Math</Filter>
    </ClInclude>
    <ClInclude Include="include\ini.hpp">
      <Filter>源文件\Utils</Filter>
    </ClInclude>
    <ClInclude Include="source\I18N.h">
      <Filter>源文件\Globalization</Filter>
    </ClInclude>
    <ClInclude Include="source\AudioSystem.h">
      <Filter>源文件\Audio</Filter>
    </ClInclude>
    <ClInclude Include="include\AL\al.h">
      <Filter>ThirdParty\OpenAL</Filter>
    </ClInclude>
    <ClInclude Include="include\AL\alc.h">
      <Filter>ThirdParty\OpenAL</Filter>
    </ClInclude>
    <ClInclude Include="include\AL\efx-creative.h">
      <Filter>ThirdParty\OpenAL</Filter>
    </ClInclude>
    <ClInclude Include="include\AL\EFX-Util.h">
      <Filter>ThirdParty\OpenAL</Filter>
    </ClInclude>
    <ClInclude Include="include\AL\efx.h">
      <Filter>ThirdParty\OpenAL</Filter>
    </ClInclude>
    <ClInclude Include="include\AL\xram.h">
      <Filter>ThirdParty\OpenAL</Filter>
    </ClInclude>
    <ClInclude Include="include\stb_vorbis.h">
      <Filter>ThirdParty\Decoder</Filter>
    </ClInclude>
    <ClInclude Include="source\Module\Module.h">
      <Filter>源文件\Module</Filter>
    </ClInclude>
    <ClInclude Include="source\Std\Math.h">
      <Filter>源文件\Std</Filter>
    </ClInclude>
    <ClInclude Include="source\Std\VectorBase.h">
      <Filter>源文件\Std</Filter>
    </ClInclude>
  </ItemGroup>
  <ItemGroup>
    <ClCompile Include="source\Utils\Dylib.cpp">
      <Filter>源文件\Utils</Filter>
    </ClCompile>
    <ClCompile Include="source\I18N.cpp">
      <Filter>源文件\Globalization</Filter>
    </ClCompile>
    <ClCompile Include="source\AudioSystem.cpp">
      <Filter>源文件\Audio</Filter>
    </ClCompile>
    <ClCompile Include="include\stb_vorbis.cpp">
      <Filter>ThirdParty\Decoder</Filter>
    </ClCompile>
    <ClCompile Include="source\Module\Module.cpp">
      <Filter>源文件\Module</Filter>
    </ClCompile>
    <ClCompile Include="source\Std\VectorBase.cpp">
      <Filter>源文件\Std</Filter>
    </ClCompile>
  </ItemGroup>
</Project>